Microsoft Visual Studio Solution File, Format Version 12.00
# Visual Studio Version 17
VisualStudioVersion = 17.5.2.0
MinimumVisualStudioVersion = 10.0.40219.1
Project("{FAE04EC0-301F-11D3-BF4B-00C04F79EFBC}") = "TeletextSharedResources_Core", "TeletextSharedResources_Core.csproj", "{F7B6F216-F169-1C76-FEAB-E23D3755BB0E}"
EndProject
Global
	GlobalSection(SolutionConfigurationPlatforms) = preSolution
		Debug|Any CPU = Debug|Any CPU
		Release|Any CPU = Release|Any CPU
	EndGlobalSection
	GlobalSection(ProjectConfigurationPlatforms) = postSolution
		{F7B6F216-F169-1C76-FEAB-E23D3755BB0E}.Debug|Any CPU.ActiveCfg = Debug|Any CPU
		{F7B6F216-F169-1C76-FEAB-E23D3755BB0E}.Debug|Any CPU.Build.0 = Debug|Any CPU
		{F7B6F216-F169-1C76-FEAB-E23D3755BB0E}.Release|Any CPU.ActiveCfg = Release|Any CPU
		{F7B6F216-F169-1C76-FEAB-E23D3755BB0E}.Release|Any CPU.Build.0 = Release|Any CPU
	EndGlobalSection
	GlobalSection(SolutionProperties) = preSolution
		HideSolutionNode = FALSE
	EndGlobalSection
	GlobalSection(ExtensibilityGlobals) = postSolution
		SolutionGuid = {9BEC1CFA-C56F-4A90-8098-5F7C3218A32B}
	EndGlobalSection
EndGlobal
